
Microsoft Visual Studio Solution File, Format Version 12.00
# Visual Studio 15
VisualStudioVersion = 15.0.28010.0
MinimumVisualStudioVersion = 10.0.40219.1
Project("{FAE04EC0-301F-11D3-BF4B-00C04F79EFBC}") = "CapaDatos", "CapaDatos\CapaDatos.csproj", "{D1D1C47E-942C-4DC3-ADA4-4309590DDC43}"
EndProject
Project("{FAE04EC0-301F-11D3-BF4B-00C04F79EFBC}") = "CapaNegocio", "CapaNegocio\CapaNegocio.csproj", "{7041714B-6187-429C-965A-92E9652DB16B}"
EndProject
Project("{FAE04EC0-301F-11D3-BF4B-00C04F79EFBC}") = "CapaPresentacion", "CapaPresentacion\CapaPresentacion.csproj", "{81B7492C-F7B6-46E7-9ED4-62764EBA7F61}"
EndProject
Global
	GlobalSection(SolutionConfigurationPlatforms) = preSolution
		Debug|Any CPU = Debug|Any CPU
		Release|Any CPU = Release|Any CPU
	EndGlobalSection
	GlobalSection(ProjectConfigurationPlatforms) = postSolution
		{D1D1C47E-942C-4DC3-ADA4-4309590DDC43}.Debug|Any CPU.ActiveCfg = Debug|Any CPU
		{D1D1C47E-942C-4DC3-ADA4-4309590DDC43}.Debug|Any CPU.Build.0 = Debug|Any CPU
		{D1D1C47E-942C-4DC3-ADA4-4309590DDC43}.Release|Any CPU.ActiveCfg = Release|Any CPU
		{D1D1C47E-942C-4DC3-ADA4-4309590DDC43}.Release|Any CPU.Build.0 = Release|Any CPU
		{7041714B-6187-429C-965A-92E9652DB16B}.Debug|Any CPU.ActiveCfg = Debug|Any CPU
		{7041714B-6187-429C-965A-92E9652DB16B}.Debug|Any CPU.Build.0 = Debug|Any CPU
		{7041714B-6187-429C-965A-92E9652DB16B}.Release|Any CPU.ActiveCfg = Release|Any CPU
		{7041714B-6187-429C-965A-92E9652DB16B}.Release|Any CPU.Build.0 = Release|Any CPU
		{81B7492C-F7B6-46E7-9ED4-62764EBA7F61}.Debug|Any CPU.ActiveCfg = Debug|Any CPU
		{81B7492C-F7B6-46E7-9ED4-62764EBA7F61}.Debug|Any CPU.Build.0 = Debug|Any CPU
		{81B7492C-F7B6-46E7-9ED4-62764EBA7F61}.Release|Any CPU.ActiveCfg = Release|Any CPU
		{81B7492C-F7B6-46E7-9ED4-62764EBA7F61}.Release|Any CPU.Build.0 = Release|Any CPU
	EndGlobalSection
	GlobalSection(SolutionProperties) = preSolution
		HideSolutionNode = FALSE
	EndGlobalSection
	GlobalSection(ExtensibilityGlobals) = postSolution
		SolutionGuid = {0586D4F0-5D89-475F-BF67-CC18246AE4B9}
	EndGlobalSection
EndGlobal
